{
  "name": "net_angular",
  "lockfileVersion": 3,
  "requires": true,
  "packages": {
    "": {
      "dependencies": {
        "@nguniversal/module-map-ngfactory-loader": "^8.2.6"
      },
      "devDependencies": {
        "typescript": "^5.0.4"
      }
    },
    "node_modules/@nguniversal/module-map-ngfactory-loader": {
      "version": "8.2.6",
      "resolved": "https://registry.npmjs.org/@nguniversal/module-map-ngfactory-loader/-/module-map-ngfactory-loader-8.2.6.tgz",
      "integrity": "sha512-YcxXSrDZt6iDR+YbesJvprNpHd1nRLeThJwAFlcwvK/GVGSyKeWV6eqk3bRkBkgkw8OwaG/4lOQ4aofxQw+13w==",
      "deprecated": "The string form of `loadChildren` is deprecated, this package is part of its implementation and is no longer needed if not using string form lazy loading. See: https://angular.io/api/router/LoadChildren for more details.",
      "peerDependencies": {
        "@angular/common": "^8.2.0",
        "@angular/core": "^8.2.0",
        "@angular/platform-server": "^8.2.0"
      }
    },
    "node_modules/typescript": {
      "version": "5.0.4",
      "resolved": "https://registry.npmjs.org/typescript/-/typescript-5.0.4.tgz",
      "integrity": "sha512-cW9T5W9xY37cc+jfEnaUvX91foxtHkza3Nw3wkoF4sSlKn0MONdkdEndig/qPBWXNkmplh3NzayQzCiHM4/hqw==",
      "dev": true,
      "bin": {
        "tsc": "bin/tsc",
        "tsserver": "bin/tsserver"
      },
      "engines": {
        "node": ">=12.20"
      }
    }
  }
}
